{
  "base": null,
  "format": "lodi-spike-lock/1",
  "generatedBy": "lodi 1.4.1",
  "manifestHash": "sha256:aa947639641d9f70a9bccfbb7142a727799a5c25f33512d1faf04fc124c640b7",
  "packages": {
    "hello": {
      "artifacts": [
        {
          "format": "binary",
          "sha256": "sha256:bfdeaeb08cffb6a36438bcd12dda25417e3cdd36f1e7e482a2849d539225288b",
          "size": null,
          "stripComponents": 0,
          "subdir": "",
          "url": "https://fixtures.test/hello"
        }
      ],
      "provider": "binary",
      "recipe": {
        "input": "inline",
        "path": "[tools.hello]",
        "sha256": "sha256:56aec388dafb31dbde494957651affb3d588ce95797af4bbc19f807766ef0b76"
      },
      "request": {
        "constraint": "1.0.0",
        "declaration": "sha256:56aec388dafb31dbde494957651affb3d588ce95797af4bbc19f807766ef0b76",
        "name": "hello",
        "provider": "binary"
      },
      "spec": {
        "arch": "x86_64",
        "bin": [
          "bin/hello"
        ],
        "env": {},
        "path": [
          "bin"
        ]
      },
      "tag": null,
      "version": "1.0.0"
    }
  },
  "profiles": {
    "default": {
      "packages": [
        "hello"
      ]
    }
  },
  "version": 1
}
