{
  "arch": "x86_64",
  "distro": "debian",
  "format": "lodi-host-pins/1",
  "pins": {
    "tzdata": {
      "filename": "pool/main/t/tzdata/tzdata_2024b-0+deb12u1_all.deb",
      "policy": "date",
      "repository": "debian",
      "requested": "2025-03-01",
      "sha256": "sha256:9426e641cdcea0b890fa270930e2577c71ce2085c445e058b08870b2adee554d",
      "snapshot": "2025-03-01T00:00:00Z",
      "version": "2024b-0+deb12u1"
    }
  },
  "release": "bookworm",
  "snapshot": {
    "indexes": {
      "debian-security/dists/bookworm-security/Release": "sha256:5b05f21be6b1ede28f943c8e9a9f05752e4cb5f69f618016d32279bc2ce51be0",
      "debian/dists/bookworm-updates/Release": "sha256:8629cd661820ce3b0e32d00a7cb848b831efbdc51592ecbb0bf91da697a70134",
      "debian/dists/bookworm/Release": "sha256:c067d5beef7335a37cbb8f3b6d979369ff470d888ecad933a90899ce2385e298"
    },
    "instant": "2025-03-01T00:00:00Z",
    "requested": "2025-03-01T00:00:00Z"
  },
  "version": 1
}
